{
  "name": "@moviemasher/moviemasher.js",
  "version": "4.0.22",
  "lockfileVersion": 1,
  "requires": true,
  "dependencies": {
    "opentype.js": {
      "version": "0.7.3",
      "resolved": "https://registry.npmjs.org/opentype.js/-/opentype.js-0.7.3.tgz",
      "integrity": "sha1-QPuM4Yv9YOdESO/f5EKDQJg5eqs=",
      "requires": {
        "tiny-inflate": "^1.0.2"
      }
    },
    "scriptjs": {
      "version": "2.5.8",
      "resolved": "https://registry.npmjs.org/scriptjs/-/scriptjs-2.5.8.tgz",
      "integrity": "sha1-0MQ5VcLmutM7bk7fe1O4llqnyl8="
    },
    "tiny-inflate": {
      "version": "1.0.2",
      "resolved": "https://registry.npmjs.org/tiny-inflate/-/tiny-inflate-1.0.2.tgz",
      "integrity": "sha1-k9nez/yIBb1X6uQxDwt0Xptvs6c="
    }
  }
}
