# THIS IS AN AUTOGENERATED FILE. DO NOT EDIT THIS FILE DIRECTLY.
# yarn lockfile v1


opentype.js@=0.7.3:
  version "0.7.3"
  resolved "https://registry.yarnpkg.com/opentype.js/-/opentype.js-0.7.3.tgz#40fb8ce18bfd60e74448efdfe442834098397aab"
  dependencies:
    tiny-inflate "^1.0.2"

scriptjs@=2.5.8:
  version "2.5.8"
  resolved "http://registry.npmjs.org/scriptjs/-/scriptjs-2.5.8.tgz#d0c43955c2e6bad33b6e4edf7b53b8965aa7ca5f"

tiny-inflate@^1.0.2:
  version "1.0.2"
  resolved "https://registry.yarnpkg.com/tiny-inflate/-/tiny-inflate-1.0.2.tgz#93d9decffc8805bd57eae4310f0b745e9b6fb3a7"
